
Microsoft Visual Studio Solution File, Format Version 12.00
# Visual Studio 14
VisualStudioVersion = 14.0.25420.1
MinimumVisualStudioVersion = 10.0.40219.1
Project("{FAE04EC0-301F-11D3-BF4B-00C04F79EFBC}") = "Datos", "Datos_1\Datos.csproj", "{5C62B057-F75A-41F7-9586-4621805B1053}"
EndProject
Project("{FAE04EC0-301F-11D3-BF4B-00C04F79EFBC}") = "Logica", "Logica\Logica.csproj", "{42B664A4-4EEF-4939-B0DF-CDD2CFD382EB}"
EndProject
Project("{FAE04EC0-301F-11D3-BF4B-00C04F79EFBC}") = "Presentacion", "Presentacion\Presentacion.csproj", "{CE476FC4-605E-43F9-8DAF-927C4C6F097A}"
EndProject
Global
	GlobalSection(SolutionConfigurationPlatforms) = preSolution
		Debug|Any CPU = Debug|Any CPU
		Release|Any CPU = Release|Any CPU
	EndGlobalSection
	GlobalSection(ProjectConfigurationPlatforms) = postSolution
		{5C62B057-F75A-41F7-9586-4621805B1053}.Debug|Any CPU.ActiveCfg = Debug|Any CPU
		{5C62B057-F75A-41F7-9586-4621805B1053}.Debug|Any CPU.Build.0 = Debug|Any CPU
		{5C62B057-F75A-41F7-9586-4621805B1053}.Release|Any CPU.ActiveCfg = Release|Any CPU
		{5C62B057-F75A-41F7-9586-4621805B1053}.Release|Any CPU.Build.0 = Release|Any CPU
		{42B664A4-4EEF-4939-B0DF-CDD2CFD382EB}.Debug|Any CPU.ActiveCfg = Debug|Any CPU
		{42B664A4-4EEF-4939-B0DF-CDD2CFD382EB}.Debug|Any CPU.Build.0 = Debug|Any CPU
		{42B664A4-4EEF-4939-B0DF-CDD2CFD382EB}.Release|Any CPU.ActiveCfg = Release|Any CPU
		{42B664A4-4EEF-4939-B0DF-CDD2CFD382EB}.Release|Any CPU.Build.0 = Release|Any CPU
		{CE476FC4-605E-43F9-8DAF-927C4C6F097A}.Debug|Any CPU.ActiveCfg = Debug|Any CPU
		{CE476FC4-605E-43F9-8DAF-927C4C6F097A}.Debug|Any CPU.Build.0 = Debug|Any CPU
		{CE476FC4-605E-43F9-8DAF-927C4C6F097A}.Release|Any CPU.ActiveCfg = Release|Any CPU
		{CE476FC4-605E-43F9-8DAF-927C4C6F097A}.Release|Any CPU.Build.0 = Release|Any CPU
	EndGlobalSection
	GlobalSection(SolutionProperties) = preSolution
		HideSolutionNode = FALSE
	EndGlobalSection
EndGlobal
